
Microsoft Visual Studio Solution File, Format Version 12.00
# Visual Studio Version 16
VisualStudioVersion = 16.0.29403.142
MinimumVisualStudioVersion = 10.0.40219.1
Project("{9A19103F-16F7-4668-BE54-9A1E7A4F7556}") = "RIPEMD160", "RIPEMD160.csproj", "{63CD635F-8109-44FE-A996-25FC6F53C880}"
EndProject
Global
	GlobalSection(SolutionConfigurationPlatforms) = preSolution
		Debug|Any CPU = Debug|Any CPU
		Release|Any CPU = Release|Any CPU
	EndGlobalSection
	GlobalSection(ProjectConfigurationPlatforms) = postSolution
		{63CD635F-8109-44FE-A996-25FC6F53C880}.Debug|Any CPU.ActiveCfg = Debug|Any CPU
		{63CD635F-8109-44FE-A996-25FC6F53C880}.Debug|Any CPU.Build.0 = Debug|Any CPU
		{63CD635F-8109-44FE-A996-25FC6F53C880}.Release|Any CPU.ActiveCfg = Release|Any CPU
		{63CD635F-8109-44FE-A996-25FC6F53C880}.Release|Any CPU.Build.0 = Release|Any CPU
	EndGlobalSection
	GlobalSection(SolutionProperties) = preSolution
		HideSolutionNode = FALSE
	EndGlobalSection
	GlobalSection(ExtensibilityGlobals) = postSolution
		SolutionGuid = {8340B2EA-A537-4BA3-9EF8-A5B6E8F98D6C}
	EndGlobalSection
EndGlobal
